// !$*UTF8*$!
{
	archiveVersion = 1;
	classes = {
	};
	objectVersion = 46;
	objects = {

/* Begin PBXBuildFile section */
		BEB96A7C15ABC61C003C58F2 /* SenTestingKit.framework in Frameworks */ = {isa = PBXBuildFile; fileRef = BEB96A7B15ABC61C003C58F2 /* SenTestingKit.framework */; };
		BEB96A7D15ABC61C003C58F2 /* UIKit.framework in Frameworks */ = {isa = PBXBuildFile; fileRef = BEB96A6315ABC61C003C58F2 /* UIKit.framework */; };
		BEB96A7E15ABC61C003C58F2 /* Foundation.framework in Frameworks */ = {isa = PBXBuildFile; fileRef = BEB96A6515ABC61C003C58F2 /* Foundation.framework */; };
		BEB96A8615ABC61C003C58F2 /* InfoPlist.strings in Resources */ = {isa = PBXBuildFile; fileRef = BEB96A8415ABC61C003C58F2 /* InfoPlist.strings */; };
		BEB96A9415ABC6F3003C58F2 /* MultiDictionaryTestCase.m in Sources */ = {isa = PBXBuildFile; fileRef = BEB96A9315ABC6F3003C58F2 /* MultiDictionaryTestCase.m */; };
		BEB96A9C15ABC70C003C58F2 /* MultiDictionary.m in Sources */ = {isa = PBXBuildFile; fileRef = BEB96A9715ABC70C003C58F2 /* MultiDictionary.m */; };
		BEB96A9D15ABC70C003C58F2 /* NSData+Base64.m in Sources */ = {isa = PBXBuildFile; fileRef = BEB96A9915ABC70C003C58F2 /* NSData+Base64.m */; };
		BEB96A9E15ABC70C003C58F2 /* XmlBuilder.m in Sources */ = {isa = PBXBuildFile; fileRef = BEB96A9B15ABC70C003C58F2 /* XmlBuilder.m */; };
/* End PBXBuildFile section */

/* Begin PBXFileReference section */
		BEB96A6315ABC61C003C58F2 /* UIKit.framework */ = {isa = PBXFileReference; lastKnownFileType = wrapper.framework; name = UIKit.framework; path = System/Library/Frameworks/UIKit.framework; sourceTree = SDKROOT; };
		BEB96A6515ABC61C003C58F2 /* Foundation.framework */ = {isa = PBXFileReference; lastKnownFileType = wrapper.framework; name = Foundation.framework; path = System/Library/Frameworks/Foundation.framework; sourceTree = SDKROOT; };
		BEB96A6715ABC61C003C58F2 /* CoreGraphics.framework */ = {isa = PBXFileReference; lastKnownFileType = wrapper.framework; name = CoreGraphics.framework; path = System/Library/Frameworks/CoreGraphics.framework; sourceTree = SDKROOT; };
		BEB96A7A15ABC61C003C58F2 /* UnitTests.octest */ = {isa = PBXFileReference; explicitFileType = wrapper.cfbundle; includeInIndex = 0; path = UnitTests.octest; sourceTree = BUILT_PRODUCTS_DIR; };
		BEB96A7B15ABC61C003C58F2 /* SenTestingKit.framework */ = {isa = PBXFileReference; lastKnownFileType = wrapper.framework; name = SenTestingKit.framework; path = Library/Frameworks/SenTestingKit.framework; sourceTree = DEVELOPER_DIR; };
		BEB96A8315ABC61C003C58F2 /* projectTests-Info.plist */ = {isa = PBXFileReference; lastKnownFileType = text.plist.xml; path = "projectTests-Info.plist"; sourceTree = "<group>"; };
		BEB96A8515ABC61C003C58F2 /* en */ = {isa = PBXFileReference; lastKnownFileType = text.plist.strings; name = en; path = en.lproj/InfoPlist.strings; sourceTree = "<group>"; };
		BEB96A9215ABC6F3003C58F2 /* MultiDictionaryTestCase.h */ = {isa = PBXFileReference; fileEncoding = 4; lastKnownFileType = sourcecode.c.h; name = MultiDictionaryTestCase.h; path = ../../MultiDictionaryTestCase.h; sourceTree = "<group>"; };
		BEB96A9315ABC6F3003C58F2 /* MultiDictionaryTestCase.m */ = {isa = PBXFileReference; fileEncoding = 4; lastKnownFileType = sourcecode.c.objc; name = MultiDictionaryTestCase.m; path = ../../MultiDictionaryTestCase.m; sourceTree = "<group>"; };
		BEB96A9615ABC70C003C58F2 /* MultiDictionary.h */ = {isa = PBXFileReference; fileEncoding = 4; lastKnownFileType = sourcecode.c.h; name = MultiDictionary.h; path = ../../STToolbelt/MultiDictionary.h; sourceTree = "<group>"; };
		BEB96A9715ABC70C003C58F2 /* MultiDictionary.m */ = {isa = PBXFileReference; fileEncoding = 4; lastKnownFileType = sourcecode.c.objc; name = MultiDictionary.m; path = ../../STToolbelt/MultiDictionary.m; sourceTree = "<group>"; };
		BEB96A9815ABC70C003C58F2 /* NSData+Base64.h */ = {isa = PBXFileReference; fileEncoding = 4; lastKnownFileType = sourcecode.c.h; name = "NSData+Base64.h"; path = "../../STToolbelt/NSData+Base64.h"; sourceTree = "<group>"; };
		BEB96A9915ABC70C003C58F2 /* NSData+Base64.m */ = {isa = PBXFileReference; fileEncoding = 4; lastKnownFileType = sourcecode.c.objc; name = "NSData+Base64.m"; path = "../../STToolbelt/NSData+Base64.m"; sourceTree = "<group>"; };
		BEB96A9A15ABC70C003C58F2 /* XmlBuilder.h */ = {isa = PBXFileReference; fileEncoding = 4; lastKnownFileType = sourcecode.c.h; name = XmlBuilder.h; path = ../../STToolbelt/XmlBuilder.h; sourceTree = "<group>"; };
		BEB96A9B15ABC70C003C58F2 /* XmlBuilder.m */ = {isa = PBXFileReference; fileEncoding = 4; lastKnownFileType = sourcecode.c.objc; name = XmlBuilder.m; path = ../../STToolbelt/XmlBuilder.m; sourceTree = "<group>"; };
/* End PBXFileReference section */

/* Begin PBXFrameworksBuildPhase section */
		BEB96A7615ABC61C003C58F2 /* Frameworks */ = {
			isa = PBXFrameworksBuildPhase;
			buildActionMask = 2147483647;
			files = (
				BEB96A7C15ABC61C003C58F2 /* SenTestingKit.framework in Frameworks */,
				BEB96A7D15ABC61C003C58F2 /* UIKit.framework in Frameworks */,
				BEB96A7E15ABC61C003C58F2 /* Foundation.framework in Frameworks */,
			);
			runOnlyForDeploymentPostprocessing = 0;
		};
/* End PBXFrameworksBuildPhase section */

/* Begin PBXGroup section */
		BEB96A5415ABC61C003C58F2 = {
			isa = PBXGroup;
			children = (
				BEB96A9515ABC6F8003C58F2 /* STToolbelt */,
				BEB96A8115ABC61C003C58F2 /* UnitTests */,
				BEB96A6215ABC61C003C58F2 /* Frameworks */,
				BEB96A6015ABC61C003C58F2 /* Products */,
			);
			sourceTree = "<group>";
		};
		BEB96A6015ABC61C003C58F2 /* Products */ = {
			isa = PBXGroup;
			children = (
				BEB96A7A15ABC61C003C58F2 /* UnitTests.octest */,
			);
			name = Products;
			sourceTree = "<group>";
		};
		BEB96A6215ABC61C003C58F2 /* Frameworks */ = {
			isa = PBXGroup;
			children = (
				BEB96A6315ABC61C003C58F2 /* UIKit.framework */,
				BEB96A6515ABC61C003C58F2 /* Foundation.framework */,
				BEB96A6715ABC61C003C58F2 /* CoreGraphics.framework */,
				BEB96A7B15ABC61C003C58F2 /* SenTestingKit.framework */,
			);
			name = Frameworks;
			sourceTree = "<group>";
		};
		BEB96A8115ABC61C003C58F2 /* UnitTests */ = {
			isa = PBXGroup;
			children = (
				BEB96A9215ABC6F3003C58F2 /* MultiDictionaryTestCase.h */,
				BEB96A9315ABC6F3003C58F2 /* MultiDictionaryTestCase.m */,
				BEB96A8215ABC61C003C58F2 /* Supporting Files */,
			);
			name = UnitTests;
			path = projectTests;
			sourceTree = "<group>";
		};
		BEB96A8215ABC61C003C58F2 /* Supporting Files */ = {
			isa = PBXGroup;
			children = (
				BEB96A8315ABC61C003C58F2 /* projectTests-Info.plist */,
				BEB96A8415ABC61C003C58F2 /* InfoPlist.strings */,
			);
			name = "Supporting Files";
			sourceTree = "<group>";
		};
		BEB96A9515ABC6F8003C58F2 /* STToolbelt */ = {
			isa = PBXGroup;
			children = (
				BEB96A9615ABC70C003C58F2 /* MultiDictionary.h */,
				BEB96A9715ABC70C003C58F2 /* MultiDictionary.m */,
				BEB96A9815ABC70C003C58F2 /* NSData+Base64.h */,
				BEB96A9915ABC70C003C58F2 /* NSData+Base64.m */,
				BEB96A9A15ABC70C003C58F2 /* XmlBuilder.h */,
				BEB96A9B15ABC70C003C58F2 /* XmlBuilder.m */,
			);
			name = STToolbelt;
			sourceTree = "<group>";
		};
/* End PBXGroup section */

/* Begin PBXNativeTarget section */
		BEB96A7915ABC61C003C58F2 /* UnitTests */ = {
			isa = PBXNativeTarget;
			buildConfigurationList = BEB96A8F15ABC61C003C58F2 /* Build configuration list for PBXNativeTarget "UnitTests" */;
			buildPhases = (
				BEB96A7515ABC61C003C58F2 /* Sources */,
				BEB96A7615ABC61C003C58F2 /* Frameworks */,
				BEB96A7715ABC61C003C58F2 /* Resources */,
				BEB96A7815ABC61C003C58F2 /* ShellScript */,
			);
			buildRules = (
			);
			dependencies = (
			);
			name = UnitTests;
			productName = projectTests;
			productReference = BEB96A7A15ABC61C003C58F2 /* UnitTests.octest */;
			productType = "com.apple.product-type.bundle";
		};
/* End PBXNativeTarget section */

/* Begin PBXProject section */
		BEB96A5615ABC61C003C58F2 /* Project object */ = {
			isa = PBXProject;
			attributes = {
				LastUpgradeCheck = 0420;
			};
			buildConfigurationList = BEB96A5915ABC61C003C58F2 /* Build configuration list for PBXProject "project" */;
			compatibilityVersion = "Xcode 3.2";
			developmentRegion = English;
			hasScannedForEncodings = 0;
			knownRegions = (
				en,
			);
			mainGroup = BEB96A5415ABC61C003C58F2;
			productRefGroup = BEB96A6015ABC61C003C58F2 /* Products */;
			projectDirPath = "";
			projectRoot = "";
			targets = (
				BEB96A7915ABC61C003C58F2 /* UnitTests */,
			);
		};
/* End PBXProject section */

/* Begin PBXResourcesBuildPhase section */
		BEB96A7715ABC61C003C58F2 /* Resources */ = {
			isa = PBXResourcesBuildPhase;
			buildActionMask = 2147483647;
			files = (
				BEB96A8615ABC61C003C58F2 /* InfoPlist.strings in Resources */,
			);
			runOnlyForDeploymentPostprocessing = 0;
		};
/* End PBXResourcesBuildPhase section */

/* Begin PBXShellScriptBuildPhase section */
		BEB96A7815ABC61C003C58F2 /* ShellScript */ = {
			isa = PBXShellScriptBuildPhase;
			buildActionMask = 2147483647;
			files = (
			);
			inputPaths = (
			);
			outputPaths = (
			);
			runOnlyForDeploymentPostprocessing = 0;
			shellPath = /bin/sh;
			shellScript = "# Run the unit tests in this test bundle.\n\"${SYSTEM_DEVELOPER_DIR}/Tools/RunUnitTests\"\n";
		};
/* End PBXShellScriptBuildPhase section */

/* Begin PBXSourcesBuildPhase section */
		BEB96A7515ABC61C003C58F2 /* Sources */ = {
			isa = PBXSourcesBuildPhase;
			buildActionMask = 2147483647;
			files = (
				BEB96A9415ABC6F3003C58F2 /* MultiDictionaryTestCase.m in Sources */,
				BEB96A9C15ABC70C003C58F2 /* MultiDictionary.m in Sources */,
				BEB96A9D15ABC70C003C58F2 /* NSData+Base64.m in Sources */,
				BEB96A9E15ABC70C003C58F2 /* XmlBuilder.m in Sources */,
			);
			runOnlyForDeploymentPostprocessing = 0;
		};
/* End PBXSourcesBuildPhase section */

/* Begin PBXVariantGroup section */
		BEB96A8415ABC61C003C58F2 /* InfoPlist.strings */ = {
			isa = PBXVariantGroup;
			children = (
				BEB96A8515ABC61C003C58F2 /* en */,
			);
			name = InfoPlist.strings;
			sourceTree = "<group>";
		};
/* End PBXVariantGroup section */

/* Begin XCBuildConfiguration section */
		BEB96A8A15ABC61C003C58F2 /* Debug */ = {
			isa = XCBuildConfiguration;
			buildSettings = {
				ALWAYS_SEARCH_USER_PATHS = NO;
				ARCHS = "$(ARCHS_STANDARD_32_BIT)";
				CLANG_ENABLE_OBJC_ARC = YES;
				"CODE_SIGN_IDENTITY[sdk=iphoneos*]" = "iPhone Developer";
				COPY_PHASE_STRIP = NO;
				GCC_C_LANGUAGE_STANDARD = gnu99;
				GCC_DYNAMIC_NO_PIC = NO;
				GCC_OPTIMIZATION_LEVEL = 0;
				GCC_PREPROCESSOR_DEFINITIONS = (
					"DEBUG=1",
					"$(inherited)",
				);
				GCC_SYMBOLS_PRIVATE_EXTERN = NO;
				GCC_VERSION = com.apple.compilers.llvm.clang.1_0;
				GCC_WARN_ABOUT_MISSING_PROTOTYPES = YES;
				GCC_WARN_ABOUT_RETURN_TYPE = YES;
				GCC_WARN_UNUSED_VARIABLE = YES;
				IPHONEOS_DEPLOYMENT_TARGET = 5.0;
				SDKROOT = iphoneos;
				TARGETED_DEVICE_FAMILY = "1,2";
			};
			name = Debug;
		};
		BEB96A8B15ABC61C003C58F2 /* Release */ = {
			isa = XCBuildConfiguration;
			buildSettings = {
				ALWAYS_SEARCH_USER_PATHS = NO;
				ARCHS = "$(ARCHS_STANDARD_32_BIT)";
				CLANG_ENABLE_OBJC_ARC = YES;
				"CODE_SIGN_IDENTITY[sdk=iphoneos*]" = "iPhone Developer";
				COPY_PHASE_STRIP = YES;
				GCC_C_LANGUAGE_STANDARD = gnu99;
				GCC_VERSION = com.apple.compilers.llvm.clang.1_0;
				GCC_WARN_ABOUT_MISSING_PROTOTYPES = YES;
				GCC_WARN_ABOUT_RETURN_TYPE = YES;
				GCC_WARN_UNUSED_VARIABLE = YES;
				IPHONEOS_DEPLOYMENT_TARGET = 5.0;
				OTHER_CFLAGS = "-DNS_BLOCK_ASSERTIONS=1";
				SDKROOT = iphoneos;
				TARGETED_DEVICE_FAMILY = "1,2";
				VALIDATE_PRODUCT = YES;
			};
			name = Release;
		};
		BEB96A9015ABC61C003C58F2 /* Debug */ = {
			isa = XCBuildConfiguration;
			buildSettings = {
				BUNDLE_LOADER = "$(BUILT_PRODUCTS_DIR)/project.app/project";
				FRAMEWORK_SEARCH_PATHS = (
					"$(SDKROOT)/Developer/Library/Frameworks",
					"$(DEVELOPER_LIBRARY_DIR)/Frameworks",
				);
				GCC_PRECOMPILE_PREFIX_HEADER = YES;
				GCC_PREFIX_HEADER = "";
				INFOPLIST_FILE = "projectTests/projectTests-Info.plist";
				PRODUCT_NAME = "$(TARGET_NAME)";
				TEST_HOST = "$(BUNDLE_LOADER)";
				WRAPPER_EXTENSION = octest;
			};
			name = Debug;
		};
		BEB96A9115ABC61C003C58F2 /* Release */ = {
			isa = XCBuildConfiguration;
			buildSettings = {
				BUNDLE_LOADER = "$(BUILT_PRODUCTS_DIR)/project.app/project";
				FRAMEWORK_SEARCH_PATHS = (
					"$(SDKROOT)/Developer/Library/Frameworks",
					"$(DEVELOPER_LIBRARY_DIR)/Frameworks",
				);
				GCC_PRECOMPILE_PREFIX_HEADER = YES;
				GCC_PREFIX_HEADER = "";
				INFOPLIST_FILE = "projectTests/projectTests-Info.plist";
				PRODUCT_NAME = "$(TARGET_NAME)";
				TEST_HOST = "$(BUNDLE_LOADER)";
				WRAPPER_EXTENSION = octest;
			};
			name = Release;
		};
/* End XCBuildConfiguration section */

/* Begin XCConfigurationList section */
		BEB96A5915ABC61C003C58F2 /* Build configuration list for PBXProject "project" */ = {
			isa = XCConfigurationList;
			buildConfigurations = (
				BEB96A8A15ABC61C003C58F2 /* Debug */,
				BEB96A8B15ABC61C003C58F2 /* Release */,
			);
			defaultConfigurationIsVisible = 0;
			defaultConfigurationName = Release;
		};
		BEB96A8F15ABC61C003C58F2 /* Build configuration list for PBXNativeTarget "UnitTests" */ = {
			isa = XCConfigurationList;
			buildConfigurations = (
				BEB96A9015ABC61C003C58F2 /* Debug */,
				BEB96A9115ABC61C003C58F2 /* Release */,
			);
			defaultConfigurationIsVisible = 0;
		};
/* End XCConfigurationList section */
	};
	rootObject = BEB96A5615ABC61C003C58F2 /* Project object */;
}
