// !$*UTF8*$!
{
	archiveVersion = 1;
	classes = {
	};
	objectVersion = 46;
	objects = {

/* Begin PBXBuildFile section */
		BE034EF515953F90001978F9 /* main.m in Sources */ = {isa = PBXBuildFile; fileRef = BE034EF415953F90001978F9 /* main.m */; };
		BE034EFC15954002001978F9 /* MultiDictionary.m in Sources */ = {isa = PBXBuildFile; fileRef = BE034EF715954002001978F9 /* MultiDictionary.m */; };
		BE034EFD15954002001978F9 /* NSData+Base64.m in Sources */ = {isa = PBXBuildFile; fileRef = BE034EF915954002001978F9 /* NSData+Base64.m */; };
		BE034EFE15954002001978F9 /* XmlBuilder.m in Sources */ = {isa = PBXBuildFile; fileRef = BE034EFB15954002001978F9 /* XmlBuilder.m */; };
		BE034F091595429C001978F9 /* SenTestingKit.framework in Frameworks */ = {isa = PBXBuildFile; fileRef = BE9F902415953B320005E421 /* SenTestingKit.framework */; };
		BE034F0A1595429C001978F9 /* UIKit.framework in Frameworks */ = {isa = PBXBuildFile; fileRef = BE9F900C15953B320005E421 /* UIKit.framework */; };
		BE034F0B1595429C001978F9 /* Foundation.framework in Frameworks */ = {isa = PBXBuildFile; fileRef = BE9F900E15953B320005E421 /* Foundation.framework */; };
		BE034F111595429D001978F9 /* InfoPlist.strings in Resources */ = {isa = PBXBuildFile; fileRef = BE034F0F1595429D001978F9 /* InfoPlist.strings */; };
		BE034F1A15954342001978F9 /* MultiDictionary.m in Sources */ = {isa = PBXBuildFile; fileRef = BE034EF715954002001978F9 /* MultiDictionary.m */; };
		BE034F1D15954592001978F9 /* MultiDictionaryTestCase.m in Sources */ = {isa = PBXBuildFile; fileRef = BE034F1C15954592001978F9 /* MultiDictionaryTestCase.m */; };
		BE034F1E159545AF001978F9 /* MultiDictionaryTestCase.m in Sources */ = {isa = PBXBuildFile; fileRef = BE034F1C15954592001978F9 /* MultiDictionaryTestCase.m */; };
		BE9F900D15953B320005E421 /* UIKit.framework in Frameworks */ = {isa = PBXBuildFile; fileRef = BE9F900C15953B320005E421 /* UIKit.framework */; };
		BE9F900F15953B320005E421 /* Foundation.framework in Frameworks */ = {isa = PBXBuildFile; fileRef = BE9F900E15953B320005E421 /* Foundation.framework */; };
		BE9F901115953B320005E421 /* CoreGraphics.framework in Frameworks */ = {isa = PBXBuildFile; fileRef = BE9F901015953B320005E421 /* CoreGraphics.framework */; };
		BE9F901715953B320005E421 /* InfoPlist.strings in Resources */ = {isa = PBXBuildFile; fileRef = BE9F901515953B320005E421 /* InfoPlist.strings */; };
/* End PBXBuildFile section */

/* Begin PBXFileReference section */
		BE034EF415953F90001978F9 /* main.m */ = {isa = PBXFileReference; fileEncoding = 4; lastKnownFileType = sourcecode.c.objc; path = main.m; sourceTree = "<group>"; };
		BE034EF615954002001978F9 /* MultiDictionary.h */ = {isa = PBXFileReference; fileEncoding = 4; lastKnownFileType = sourcecode.c.h; path = MultiDictionary.h; sourceTree = "<group>"; };
		BE034EF715954002001978F9 /* MultiDictionary.m */ = {isa = PBXFileReference; fileEncoding = 4; lastKnownFileType = sourcecode.c.objc; path = MultiDictionary.m; sourceTree = "<group>"; };
		BE034EF815954002001978F9 /* NSData+Base64.h */ = {isa = PBXFileReference; fileEncoding = 4; lastKnownFileType = sourcecode.c.h; path = "NSData+Base64.h"; sourceTree = "<group>"; };
		BE034EF915954002001978F9 /* NSData+Base64.m */ = {isa = PBXFileReference; fileEncoding = 4; lastKnownFileType = sourcecode.c.objc; path = "NSData+Base64.m"; sourceTree = "<group>"; };
		BE034EFA15954002001978F9 /* XmlBuilder.h */ = {isa = PBXFileReference; fileEncoding = 4; lastKnownFileType = sourcecode.c.h; path = XmlBuilder.h; sourceTree = "<group>"; };
		BE034EFB15954002001978F9 /* XmlBuilder.m */ = {isa = PBXFileReference; fileEncoding = 4; lastKnownFileType = sourcecode.c.objc; path = XmlBuilder.m; sourceTree = "<group>"; };
		BE034F081595429C001978F9 /* UnitTests.octest */ = {isa = PBXFileReference; explicitFileType = wrapper.cfbundle; includeInIndex = 0; path = UnitTests.octest; sourceTree = BUILT_PRODUCTS_DIR; };
		BE034F0E1595429D001978F9 /* UnitTests-Info.plist */ = {isa = PBXFileReference; lastKnownFileType = text.plist.xml; path = "UnitTests-Info.plist"; sourceTree = "<group>"; };
		BE034F101595429D001978F9 /* en */ = {isa = PBXFileReference; lastKnownFileType = text.plist.strings; name = en; path = en.lproj/InfoPlist.strings; sourceTree = "<group>"; };
		BE034F151595429D001978F9 /* UnitTests-Prefix.pch */ = {isa = PBXFileReference; lastKnownFileType = sourcecode.c.h; path = "UnitTests-Prefix.pch"; sourceTree = "<group>"; };
		BE034F1B15954592001978F9 /* MultiDictionaryTestCase.h */ = {isa = PBXFileReference; fileEncoding = 4; lastKnownFileType = sourcecode.c.h; path = MultiDictionaryTestCase.h; sourceTree = "<group>"; };
		BE034F1C15954592001978F9 /* MultiDictionaryTestCase.m */ = {isa = PBXFileReference; fileEncoding = 4; lastKnownFileType = sourcecode.c.objc; path = MultiDictionaryTestCase.m; sourceTree = "<group>"; };
		BE9F900815953B320005E421 /* STToolbelt.app */ = {isa = PBXFileReference; explicitFileType = wrapper.application; includeInIndex = 0; path = STToolbelt.app; sourceTree = BUILT_PRODUCTS_DIR; };
		BE9F900C15953B320005E421 /* UIKit.framework */ = {isa = PBXFileReference; lastKnownFileType = wrapper.framework; name = UIKit.framework; path = System/Library/Frameworks/UIKit.framework; sourceTree = SDKROOT; };
		BE9F900E15953B320005E421 /* Foundation.framework */ = {isa = PBXFileReference; lastKnownFileType = wrapper.framework; name = Foundation.framework; path = System/Library/Frameworks/Foundation.framework; sourceTree = SDKROOT; };
		BE9F901015953B320005E421 /* CoreGraphics.framework */ = {isa = PBXFileReference; lastKnownFileType = wrapper.framework; name = CoreGraphics.framework; path = System/Library/Frameworks/CoreGraphics.framework; sourceTree = SDKROOT; };
		BE9F901415953B320005E421 /* STToolbelt-Info.plist */ = {isa = PBXFileReference; lastKnownFileType = text.plist.xml; path = "STToolbelt-Info.plist"; sourceTree = "<group>"; };
		BE9F901615953B320005E421 /* en */ = {isa = PBXFileReference; lastKnownFileType = text.plist.strings; name = en; path = en.lproj/InfoPlist.strings; sourceTree = "<group>"; };
		BE9F901A15953B320005E421 /* STToolbelt-Prefix.pch */ = {isa = PBXFileReference; lastKnownFileType = sourcecode.c.h; path = "STToolbelt-Prefix.pch"; sourceTree = "<group>"; };
		BE9F902415953B320005E421 /* SenTestingKit.framework */ = {isa = PBXFileReference; lastKnownFileType = wrapper.framework; name = SenTestingKit.framework; path = Library/Frameworks/SenTestingKit.framework; sourceTree = DEVELOPER_DIR; };
/* End PBXFileReference section */

/* Begin PBXFrameworksBuildPhase section */
		BE034F041595429C001978F9 /* Frameworks */ = {
			isa = PBXFrameworksBuildPhase;
			buildActionMask = 2147483647;
			files = (
				BE034F091595429C001978F9 /* SenTestingKit.framework in Frameworks */,
				BE034F0A1595429C001978F9 /* UIKit.framework in Frameworks */,
				BE034F0B1595429C001978F9 /* Foundation.framework in Frameworks */,
			);
			runOnlyForDeploymentPostprocessing = 0;
		};
		BE9F900515953B320005E421 /* Frameworks */ = {
			isa = PBXFrameworksBuildPhase;
			buildActionMask = 2147483647;
			files = (
				BE9F900D15953B320005E421 /* UIKit.framework in Frameworks */,
				BE9F900F15953B320005E421 /* Foundation.framework in Frameworks */,
				BE9F901115953B320005E421 /* CoreGraphics.framework in Frameworks */,
			);
			runOnlyForDeploymentPostprocessing = 0;
		};
/* End PBXFrameworksBuildPhase section */

/* Begin PBXGroup section */
		BE034F0C1595429C001978F9 /* UnitTests */ = {
			isa = PBXGroup;
			children = (
				BE034F1B15954592001978F9 /* MultiDictionaryTestCase.h */,
				BE034F1C15954592001978F9 /* MultiDictionaryTestCase.m */,
				BE034F0D1595429D001978F9 /* Supporting Files */,
			);
			path = UnitTests;
			sourceTree = "<group>";
		};
		BE034F0D1595429D001978F9 /* Supporting Files */ = {
			isa = PBXGroup;
			children = (
				BE034F0E1595429D001978F9 /* UnitTests-Info.plist */,
				BE034F0F1595429D001978F9 /* InfoPlist.strings */,
				BE034F151595429D001978F9 /* UnitTests-Prefix.pch */,
			);
			name = "Supporting Files";
			sourceTree = "<group>";
		};
		BE9F8FFD15953B320005E421 = {
			isa = PBXGroup;
			children = (
				BE9F901215953B320005E421 /* STToolbelt */,
				BE034F0C1595429C001978F9 /* UnitTests */,
				BE9F900B15953B320005E421 /* Frameworks */,
				BE9F900915953B320005E421 /* Products */,
			);
			sourceTree = "<group>";
		};
		BE9F900915953B320005E421 /* Products */ = {
			isa = PBXGroup;
			children = (
				BE9F900815953B320005E421 /* STToolbelt.app */,
				BE034F081595429C001978F9 /* UnitTests.octest */,
			);
			name = Products;
			sourceTree = "<group>";
		};
		BE9F900B15953B320005E421 /* Frameworks */ = {
			isa = PBXGroup;
			children = (
				BE9F900C15953B320005E421 /* UIKit.framework */,
				BE9F900E15953B320005E421 /* Foundation.framework */,
				BE9F901015953B320005E421 /* CoreGraphics.framework */,
				BE9F902415953B320005E421 /* SenTestingKit.framework */,
			);
			name = Frameworks;
			sourceTree = "<group>";
		};
		BE9F901215953B320005E421 /* STToolbelt */ = {
			isa = PBXGroup;
			children = (
				BE034EF615954002001978F9 /* MultiDictionary.h */,
				BE034EF715954002001978F9 /* MultiDictionary.m */,
				BE034EF815954002001978F9 /* NSData+Base64.h */,
				BE034EF915954002001978F9 /* NSData+Base64.m */,
				BE034EFA15954002001978F9 /* XmlBuilder.h */,
				BE034EFB15954002001978F9 /* XmlBuilder.m */,
				BE9F901315953B320005E421 /* Supporting Files */,
			);
			path = STToolbelt;
			sourceTree = "<group>";
		};
		BE9F901315953B320005E421 /* Supporting Files */ = {
			isa = PBXGroup;
			children = (
				BE034EF415953F90001978F9 /* main.m */,
				BE9F901415953B320005E421 /* STToolbelt-Info.plist */,
				BE9F901515953B320005E421 /* InfoPlist.strings */,
				BE9F901A15953B320005E421 /* STToolbelt-Prefix.pch */,
			);
			name = "Supporting Files";
			sourceTree = "<group>";
		};
/* End PBXGroup section */

/* Begin PBXNativeTarget section */
		BE034F071595429C001978F9 /* UnitTests */ = {
			isa = PBXNativeTarget;
			buildConfigurationList = BE034F161595429D001978F9 /* Build configuration list for PBXNativeTarget "UnitTests" */;
			buildPhases = (
				BE034F031595429C001978F9 /* Sources */,
				BE034F041595429C001978F9 /* Frameworks */,
				BE034F051595429C001978F9 /* Resources */,
				BE034F061595429C001978F9 /* ShellScript */,
			);
			buildRules = (
			);
			dependencies = (
			);
			name = UnitTests;
			productName = UnitTests;
			productReference = BE034F081595429C001978F9 /* UnitTests.octest */;
			productType = "com.apple.product-type.bundle";
		};
		BE9F900715953B320005E421 /* STToolbelt */ = {
			isa = PBXNativeTarget;
			buildConfigurationList = BE9F903515953B330005E421 /* Build configuration list for PBXNativeTarget "STToolbelt" */;
			buildPhases = (
				BE9F900415953B320005E421 /* Sources */,
				BE9F900515953B320005E421 /* Frameworks */,
				BE9F900615953B320005E421 /* Resources */,
			);
			buildRules = (
			);
			dependencies = (
			);
			name = STToolbelt;
			productName = STToolbelt;
			productReference = BE9F900815953B320005E421 /* STToolbelt.app */;
			productType = "com.apple.product-type.application";
		};
/* End PBXNativeTarget section */

/* Begin PBXProject section */
		BE9F8FFF15953B320005E421 /* Project object */ = {
			isa = PBXProject;
			attributes = {
				LastUpgradeCheck = 0420;
			};
			buildConfigurationList = BE9F900215953B320005E421 /* Build configuration list for PBXProject "STToolbelt" */;
			compatibilityVersion = "Xcode 3.2";
			developmentRegion = English;
			hasScannedForEncodings = 0;
			knownRegions = (
				en,
			);
			mainGroup = BE9F8FFD15953B320005E421;
			productRefGroup = BE9F900915953B320005E421 /* Products */;
			projectDirPath = "";
			projectRoot = "";
			targets = (
				BE9F900715953B320005E421 /* STToolbelt */,
				BE034F071595429C001978F9 /* UnitTests */,
			);
		};
/* End PBXProject section */

/* Begin PBXResourcesBuildPhase section */
		BE034F051595429C001978F9 /* Resources */ = {
			isa = PBXResourcesBuildPhase;
			buildActionMask = 2147483647;
			files = (
				BE034F111595429D001978F9 /* InfoPlist.strings in Resources */,
			);
			runOnlyForDeploymentPostprocessing = 0;
		};
		BE9F900615953B320005E421 /* Resources */ = {
			isa = PBXResourcesBuildPhase;
			buildActionMask = 2147483647;
			files = (
				BE9F901715953B320005E421 /* InfoPlist.strings in Resources */,
			);
			runOnlyForDeploymentPostprocessing = 0;
		};
/* End PBXResourcesBuildPhase section */

/* Begin PBXShellScriptBuildPhase section */
		BE034F061595429C001978F9 /* ShellScript */ = {
			isa = PBXShellScriptBuildPhase;
			buildActionMask = 2147483647;
			files = (
			);
			inputPaths = (
			);
			outputPaths = (
			);
			runOnlyForDeploymentPostprocessing = 0;
			shellPath = /bin/sh;
			shellScript = "# Run the unit tests in this test bundle.\n\"${SYSTEM_DEVELOPER_DIR}/Tools/RunUnitTests\"\n";
		};
/* End PBXShellScriptBuildPhase section */

/* Begin PBXSourcesBuildPhase section */
		BE034F031595429C001978F9 /* Sources */ = {
			isa = PBXSourcesBuildPhase;
			buildActionMask = 2147483647;
			files = (
				BE034F1E159545AF001978F9 /* MultiDictionaryTestCase.m in Sources */,
				BE034F1A15954342001978F9 /* MultiDictionary.m in Sources */,
			);
			runOnlyForDeploymentPostprocessing = 0;
		};
		BE9F900415953B320005E421 /* Sources */ = {
			isa = PBXSourcesBuildPhase;
			buildActionMask = 2147483647;
			files = (
				BE034EF515953F90001978F9 /* main.m in Sources */,
				BE034EFC15954002001978F9 /* MultiDictionary.m in Sources */,
				BE034EFD15954002001978F9 /* NSData+Base64.m in Sources */,
				BE034EFE15954002001978F9 /* XmlBuilder.m in Sources */,
				BE034F1D15954592001978F9 /* MultiDictionaryTestCase.m in Sources */,
			);
			runOnlyForDeploymentPostprocessing = 0;
		};
/* End PBXSourcesBuildPhase section */

/* Begin PBXVariantGroup section */
		BE034F0F1595429D001978F9 /* InfoPlist.strings */ = {
			isa = PBXVariantGroup;
			children = (
				BE034F101595429D001978F9 /* en */,
			);
			name = InfoPlist.strings;
			sourceTree = "<group>";
		};
		BE9F901515953B320005E421 /* InfoPlist.strings */ = {
			isa = PBXVariantGroup;
			children = (
				BE9F901615953B320005E421 /* en */,
			);
			name = InfoPlist.strings;
			sourceTree = "<group>";
		};
/* End PBXVariantGroup section */

/* Begin XCBuildConfiguration section */
		BE034F171595429D001978F9 /* Debug */ = {
			isa = XCBuildConfiguration;
			buildSettings = {
				FRAMEWORK_SEARCH_PATHS = (
					"$(SDKROOT)/Developer/Library/Frameworks",
					"$(DEVELOPER_LIBRARY_DIR)/Frameworks",
				);
				GCC_PRECOMPILE_PREFIX_HEADER = YES;
				GCC_PREFIX_HEADER = "UnitTests/UnitTests-Prefix.pch";
				INFOPLIST_FILE = "UnitTests/UnitTests-Info.plist";
				PRODUCT_NAME = "$(TARGET_NAME)";
				WRAPPER_EXTENSION = octest;
			};
			name = Debug;
		};
		BE034F181595429D001978F9 /* Release */ = {
			isa = XCBuildConfiguration;
			buildSettings = {
				FRAMEWORK_SEARCH_PATHS = (
					"$(SDKROOT)/Developer/Library/Frameworks",
					"$(DEVELOPER_LIBRARY_DIR)/Frameworks",
				);
				GCC_PRECOMPILE_PREFIX_HEADER = YES;
				GCC_PREFIX_HEADER = "UnitTests/UnitTests-Prefix.pch";
				INFOPLIST_FILE = "UnitTests/UnitTests-Info.plist";
				PRODUCT_NAME = "$(TARGET_NAME)";
				WRAPPER_EXTENSION = octest;
			};
			name = Release;
		};
		BE9F903315953B320005E421 /* Debug */ = {
			isa = XCBuildConfiguration;
			buildSettings = {
				ALWAYS_SEARCH_USER_PATHS = NO;
				ARCHS = "$(ARCHS_STANDARD_32_BIT)";
				CLANG_ENABLE_OBJC_ARC = YES;
				"CODE_SIGN_IDENTITY[sdk=iphoneos*]" = "iPhone Developer";
				COPY_PHASE_STRIP = NO;
				GCC_C_LANGUAGE_STANDARD = gnu99;
				GCC_DYNAMIC_NO_PIC = NO;
				GCC_OPTIMIZATION_LEVEL = 0;
				GCC_PREPROCESSOR_DEFINITIONS = (
					"DEBUG=1",
					"$(inherited)",
				);
				GCC_SYMBOLS_PRIVATE_EXTERN = NO;
				GCC_VERSION = com.apple.compilers.llvm.clang.1_0;
				GCC_WARN_ABOUT_MISSING_PROTOTYPES = YES;
				GCC_WARN_ABOUT_RETURN_TYPE = YES;
				GCC_WARN_UNUSED_VARIABLE = YES;
				IPHONEOS_DEPLOYMENT_TARGET = 5.0;
				SDKROOT = iphoneos;
				TARGETED_DEVICE_FAMILY = "1,2";
			};
			name = Debug;
		};
		BE9F903415953B320005E421 /* Release */ = {
			isa = XCBuildConfiguration;
			buildSettings = {
				ALWAYS_SEARCH_USER_PATHS = NO;
				ARCHS = "$(ARCHS_STANDARD_32_BIT)";
				CLANG_ENABLE_OBJC_ARC = YES;
				"CODE_SIGN_IDENTITY[sdk=iphoneos*]" = "iPhone Developer";
				COPY_PHASE_STRIP = YES;
				GCC_C_LANGUAGE_STANDARD = gnu99;
				GCC_VERSION = com.apple.compilers.llvm.clang.1_0;
				GCC_WARN_ABOUT_MISSING_PROTOTYPES = YES;
				GCC_WARN_ABOUT_RETURN_TYPE = YES;
				GCC_WARN_UNUSED_VARIABLE = YES;
				IPHONEOS_DEPLOYMENT_TARGET = 5.0;
				OTHER_CFLAGS = "-DNS_BLOCK_ASSERTIONS=1";
				SDKROOT = iphoneos;
				TARGETED_DEVICE_FAMILY = "1,2";
				VALIDATE_PRODUCT = YES;
			};
			name = Release;
		};
		BE9F903615953B330005E421 /* Debug */ = {
			isa = XCBuildConfiguration;
			buildSettings = {
				GCC_PRECOMPILE_PREFIX_HEADER = YES;
				GCC_PREFIX_HEADER = "STToolbelt/STToolbelt-Prefix.pch";
				INFOPLIST_FILE = "STToolbelt/STToolbelt-Info.plist";
				PRODUCT_NAME = "$(TARGET_NAME)";
				WRAPPER_EXTENSION = app;
			};
			name = Debug;
		};
		BE9F903715953B330005E421 /* Release */ = {
			isa = XCBuildConfiguration;
			buildSettings = {
				GCC_PRECOMPILE_PREFIX_HEADER = YES;
				GCC_PREFIX_HEADER = "STToolbelt/STToolbelt-Prefix.pch";
				INFOPLIST_FILE = "STToolbelt/STToolbelt-Info.plist";
				PRODUCT_NAME = "$(TARGET_NAME)";
				WRAPPER_EXTENSION = app;
			};
			name = Release;
		};
/* End XCBuildConfiguration section */

/* Begin XCConfigurationList section */
		BE034F161595429D001978F9 /* Build configuration list for PBXNativeTarget "UnitTests" */ = {
			isa = XCConfigurationList;
			buildConfigurations = (
				BE034F171595429D001978F9 /* Debug */,
				BE034F181595429D001978F9 /* Release */,
			);
			defaultConfigurationIsVisible = 0;
		};
		BE9F900215953B320005E421 /* Build configuration list for PBXProject "STToolbelt" */ = {
			isa = XCConfigurationList;
			buildConfigurations = (
				BE9F903315953B320005E421 /* Debug */,
				BE9F903415953B320005E421 /* Release */,
			);
			defaultConfigurationIsVisible = 0;
			defaultConfigurationName = Release;
		};
		BE9F903515953B330005E421 /* Build configuration list for PBXNativeTarget "STToolbelt" */ = {
			isa = XCConfigurationList;
			buildConfigurations = (
				BE9F903615953B330005E421 /* Debug */,
				BE9F903715953B330005E421 /* Release */,
			);
			defaultConfigurationIsVisible = 0;
			defaultConfigurationName = Release;
		};
/* End XCConfigurationList section */
	};
	rootObject = BE9F8FFF15953B320005E421 /* Project object */;
}
