// !$*UTF8*$!
{
	archiveVersion = 1;
	classes = {
	};
	objectVersion = 46;
	objects = {

/* Begin PBXBuildFile section */
		BE175732169A297D0053E267 /* XMLBuilderTest.m in Sources */ = {isa = PBXBuildFile; fileRef = BE175731169A297D0053E267 /* XMLBuilderTest.m */; };
		BE5079881698EE6900D561FB /* UIKit.framework in Frameworks */ = {isa = PBXBuildFile; fileRef = BE5079871698EE6900D561FB /* UIKit.framework */; };
		BE50798A1698EE6900D561FB /* Foundation.framework in Frameworks */ = {isa = PBXBuildFile; fileRef = BE5079891698EE6900D561FB /* Foundation.framework */; };
		BE50798C1698EE6900D561FB /* CoreGraphics.framework in Frameworks */ = {isa = PBXBuildFile; fileRef = BE50798B1698EE6900D561FB /* CoreGraphics.framework */; };
		BE5079921698EE6900D561FB /* InfoPlist.strings in Resources */ = {isa = PBXBuildFile; fileRef = BE5079901698EE6900D561FB /* InfoPlist.strings */; };
		BE5079941698EE6900D561FB /* main.m in Sources */ = {isa = PBXBuildFile; fileRef = BE5079931698EE6900D561FB /* main.m */; };
		BE5079A01698EE6900D561FB /* SenTestingKit.framework in Frameworks */ = {isa = PBXBuildFile; fileRef = BE50799F1698EE6900D561FB /* SenTestingKit.framework */; };
		BE5079A11698EE6900D561FB /* UIKit.framework in Frameworks */ = {isa = PBXBuildFile; fileRef = BE5079871698EE6900D561FB /* UIKit.framework */; };
		BE5079A21698EE6900D561FB /* Foundation.framework in Frameworks */ = {isa = PBXBuildFile; fileRef = BE5079891698EE6900D561FB /* Foundation.framework */; };
		BE5079AA1698EE6900D561FB /* InfoPlist.strings in Resources */ = {isa = PBXBuildFile; fileRef = BE5079A81698EE6900D561FB /* InfoPlist.strings */; };
		BE5079BC1698EF4B00D561FB /* MultiDictionary.m in Sources */ = {isa = PBXBuildFile; fileRef = BE5079B71698EF4B00D561FB /* MultiDictionary.m */; };
		BE5079BD1698EF4B00D561FB /* NSData+Base64.m in Sources */ = {isa = PBXBuildFile; fileRef = BE5079B91698EF4B00D561FB /* NSData+Base64.m */; };
		BE5079BE1698EF4B00D561FB /* XMLBuilder.m in Sources */ = {isa = PBXBuildFile; fileRef = BE5079BB1698EF4B00D561FB /* XMLBuilder.m */; };
		BE5079C31698EFDD00D561FB /* MultiDictionary.m in Sources */ = {isa = PBXBuildFile; fileRef = BE5079B71698EF4B00D561FB /* MultiDictionary.m */; };
		BE5079C51698EFDD00D561FB /* NSData+Base64.m in Sources */ = {isa = PBXBuildFile; fileRef = BE5079B91698EF4B00D561FB /* NSData+Base64.m */; };
		BE5079C71698EFDD00D561FB /* XMLBuilder.m in Sources */ = {isa = PBXBuildFile; fileRef = BE5079BB1698EF4B00D561FB /* XMLBuilder.m */; };
		BE5079C91698EFDD00D561FB /* MultiDictionaryTest.m in Sources */ = {isa = PBXBuildFile; fileRef = BE5079C01698EFAE00D561FB /* MultiDictionaryTest.m */; };
		BEEE703D16992D98009767AD /* VarintCoder.m in Sources */ = {isa = PBXBuildFile; fileRef = BEEE703C16992D98009767AD /* VarintCoder.m */; };
		BEEE703E16992D98009767AD /* VarintCoder.m in Sources */ = {isa = PBXBuildFile; fileRef = BEEE703C16992D98009767AD /* VarintCoder.m */; };
		BEEE704616992F5C009767AD /* Preconditions.m in Sources */ = {isa = PBXBuildFile; fileRef = BEEE704516992F5C009767AD /* Preconditions.m */; };
		BEEE704716992F5C009767AD /* Preconditions.m in Sources */ = {isa = PBXBuildFile; fileRef = BEEE704516992F5C009767AD /* Preconditions.m */; };
		BEEE704A1699340A009767AD /* VarintCoderTest.m in Sources */ = {isa = PBXBuildFile; fileRef = BEEE70491699340A009767AD /* VarintCoderTest.m */; };
/* End PBXBuildFile section */

/* Begin PBXContainerItemProxy section */
		BE5079A31698EE6900D561FB /* PBXContainerItemProxy */ = {
			isa = PBXContainerItemProxy;
			containerPortal = BE50797A1698EE6900D561FB /* Project object */;
			proxyType = 1;
			remoteGlobalIDString = BE5079821698EE6900D561FB;
			remoteInfo = STToolbelt;
		};
/* End PBXContainerItemProxy section */

/* Begin PBXFileReference section */
		BE175730169A297D0053E267 /* XMLBuilderTest.h */ = {isa = PBXFileReference; fileEncoding = 4; lastKnownFileType = sourcecode.c.h; name = XMLBuilderTest.h; path = Classes/XMLBuilderTest.h; sourceTree = "<group>"; };
		BE175731169A297D0053E267 /* XMLBuilderTest.m */ = {isa = PBXFileReference; fileEncoding = 4; lastKnownFileType = sourcecode.c.objc; name = XMLBuilderTest.m; path = Classes/XMLBuilderTest.m; sourceTree = "<group>"; };
		BE5079831698EE6900D561FB /* STToolbelt.app */ = {isa = PBXFileReference; explicitFileType = wrapper.application; includeInIndex = 0; path = STToolbelt.app; sourceTree = BUILT_PRODUCTS_DIR; };
		BE5079871698EE6900D561FB /* UIKit.framework */ = {isa = PBXFileReference; lastKnownFileType = wrapper.framework; name = UIKit.framework; path = System/Library/Frameworks/UIKit.framework; sourceTree = SDKROOT; };
		BE5079891698EE6900D561FB /* Foundation.framework */ = {isa = PBXFileReference; lastKnownFileType = wrapper.framework; name = Foundation.framework; path = System/Library/Frameworks/Foundation.framework; sourceTree = SDKROOT; };
		BE50798B1698EE6900D561FB /* CoreGraphics.framework */ = {isa = PBXFileReference; lastKnownFileType = wrapper.framework; name = CoreGraphics.framework; path = System/Library/Frameworks/CoreGraphics.framework; sourceTree = SDKROOT; };
		BE50798F1698EE6900D561FB /* STToolbelt-Info.plist */ = {isa = PBXFileReference; lastKnownFileType = text.plist.xml; path = "STToolbelt-Info.plist"; sourceTree = "<group>"; };
		BE5079911698EE6900D561FB /* en */ = {isa = PBXFileReference; lastKnownFileType = text.plist.strings; name = en; path = en.lproj/InfoPlist.strings; sourceTree = "<group>"; };
		BE5079931698EE6900D561FB /* main.m */ = {isa = PBXFileReference; lastKnownFileType = sourcecode.c.objc; path = main.m; sourceTree = "<group>"; };
		BE5079951698EE6900D561FB /* STToolbelt-Prefix.pch */ = {isa = PBXFileReference; lastKnownFileType = sourcecode.c.h; path = "STToolbelt-Prefix.pch"; sourceTree = "<group>"; };
		BE50799E1698EE6900D561FB /* STToolbeltTests.octest */ = {isa = PBXFileReference; explicitFileType = wrapper.cfbundle; includeInIndex = 0; path = STToolbeltTests.octest; sourceTree = BUILT_PRODUCTS_DIR; };
		BE50799F1698EE6900D561FB /* SenTestingKit.framework */ = {isa = PBXFileReference; lastKnownFileType = wrapper.framework; name = SenTestingKit.framework; path = Library/Frameworks/SenTestingKit.framework; sourceTree = DEVELOPER_DIR; };
		BE5079A71698EE6900D561FB /* STToolbeltTests-Info.plist */ = {isa = PBXFileReference; lastKnownFileType = text.plist.xml; path = "STToolbeltTests-Info.plist"; sourceTree = "<group>"; };
		BE5079A91698EE6900D561FB /* en */ = {isa = PBXFileReference; lastKnownFileType = text.plist.strings; name = en; path = en.lproj/InfoPlist.strings; sourceTree = "<group>"; };
		BE5079B61698EF4B00D561FB /* MultiDictionary.h */ = {isa = PBXFileReference; fileEncoding = 4; lastKnownFileType = sourcecode.c.h; name = MultiDictionary.h; path = ../../../Source/MultiDictionary.h; sourceTree = "<group>"; };
		BE5079B71698EF4B00D561FB /* MultiDictionary.m */ = {isa = PBXFileReference; fileEncoding = 4; lastKnownFileType = sourcecode.c.objc; name = MultiDictionary.m; path = ../../../Source/MultiDictionary.m; sourceTree = "<group>"; };
		BE5079B81698EF4B00D561FB /* NSData+Base64.h */ = {isa = PBXFileReference; fileEncoding = 4; lastKnownFileType = sourcecode.c.h; name = "NSData+Base64.h"; path = "../../../Source/NSData+Base64.h"; sourceTree = "<group>"; };
		BE5079B91698EF4B00D561FB /* NSData+Base64.m */ = {isa = PBXFileReference; fileEncoding = 4; lastKnownFileType = sourcecode.c.objc; name = "NSData+Base64.m"; path = "../../../Source/NSData+Base64.m"; sourceTree = "<group>"; };
		BE5079BA1698EF4B00D561FB /* XMLBuilder.h */ = {isa = PBXFileReference; fileEncoding = 4; lastKnownFileType = sourcecode.c.h; name = XMLBuilder.h; path = ../../../Source/XMLBuilder.h; sourceTree = "<group>"; };
		BE5079BB1698EF4B00D561FB /* XMLBuilder.m */ = {isa = PBXFileReference; fileEncoding = 4; lastKnownFileType = sourcecode.c.objc; name = XMLBuilder.m; path = ../../../Source/XMLBuilder.m; sourceTree = "<group>"; };
		BE5079BF1698EFAE00D561FB /* MultiDictionaryTest.h */ = {isa = PBXFileReference; fileEncoding = 4; name = MultiDictionaryTest.h; path = Classes/MultiDictionaryTest.h; sourceTree = "<group>"; };
		BE5079C01698EFAE00D561FB /* MultiDictionaryTest.m */ = {isa = PBXFileReference; fileEncoding = 4; lastKnownFileType = sourcecode.c.objc; name = MultiDictionaryTest.m; path = Classes/MultiDictionaryTest.m; sourceTree = "<group>"; };
		BEEE703B16992D98009767AD /* VarintCoder.h */ = {isa = PBXFileReference; fileEncoding = 4; lastKnownFileType = sourcecode.c.h; name = VarintCoder.h; path = ../../../Source/VarintCoder.h; sourceTree = "<group>"; };
		BEEE703C16992D98009767AD /* VarintCoder.m */ = {isa = PBXFileReference; fileEncoding = 4; lastKnownFileType = sourcecode.c.objc; name = VarintCoder.m; path = ../../../Source/VarintCoder.m; sourceTree = "<group>"; };
		BEEE704416992F5C009767AD /* Preconditions.h */ = {isa = PBXFileReference; fileEncoding = 4; lastKnownFileType = sourcecode.c.h; name = Preconditions.h; path = ../../../Source/Preconditions.h; sourceTree = "<group>"; };
		BEEE704516992F5C009767AD /* Preconditions.m */ = {isa = PBXFileReference; fileEncoding = 4; lastKnownFileType = sourcecode.c.objc; name = Preconditions.m; path = ../../../Source/Preconditions.m; sourceTree = "<group>"; };
		BEEE70481699340A009767AD /* VarintCoderTest.h */ = {isa = PBXFileReference; fileEncoding = 4; lastKnownFileType = sourcecode.c.h; name = VarintCoderTest.h; path = Classes/VarintCoderTest.h; sourceTree = "<group>"; };
		BEEE70491699340A009767AD /* VarintCoderTest.m */ = {isa = PBXFileReference; fileEncoding = 4; lastKnownFileType = sourcecode.c.objc; name = VarintCoderTest.m; path = Classes/VarintCoderTest.m; sourceTree = "<group>"; };
/* End PBXFileReference section */

/* Begin PBXFrameworksBuildPhase section */
		BE5079801698EE6900D561FB /* Frameworks */ = {
			isa = PBXFrameworksBuildPhase;
			buildActionMask = 2147483647;
			files = (
				BE5079881698EE6900D561FB /* UIKit.framework in Frameworks */,
				BE50798A1698EE6900D561FB /* Foundation.framework in Frameworks */,
				BE50798C1698EE6900D561FB /* CoreGraphics.framework in Frameworks */,
			);
			runOnlyForDeploymentPostprocessing = 0;
		};
		BE50799A1698EE6900D561FB /* Frameworks */ = {
			isa = PBXFrameworksBuildPhase;
			buildActionMask = 2147483647;
			files = (
				BE5079A01698EE6900D561FB /* SenTestingKit.framework in Frameworks */,
				BE5079A11698EE6900D561FB /* UIKit.framework in Frameworks */,
				BE5079A21698EE6900D561FB /* Foundation.framework in Frameworks */,
			);
			runOnlyForDeploymentPostprocessing = 0;
		};
/* End PBXFrameworksBuildPhase section */

/* Begin PBXGroup section */
		BE5079781698EE6900D561FB = {
			isa = PBXGroup;
			children = (
				BE50798D1698EE6900D561FB /* STToolbelt */,
				BE5079A51698EE6900D561FB /* STToolbeltTests */,
				BE5079861698EE6900D561FB /* Frameworks */,
				BE5079841698EE6900D561FB /* Products */,
			);
			sourceTree = "<group>";
		};
		BE5079841698EE6900D561FB /* Products */ = {
			isa = PBXGroup;
			children = (
				BE5079831698EE6900D561FB /* STToolbelt.app */,
				BE50799E1698EE6900D561FB /* STToolbeltTests.octest */,
			);
			name = Products;
			sourceTree = "<group>";
		};
		BE5079861698EE6900D561FB /* Frameworks */ = {
			isa = PBXGroup;
			children = (
				BE5079871698EE6900D561FB /* UIKit.framework */,
				BE5079891698EE6900D561FB /* Foundation.framework */,
				BE50798B1698EE6900D561FB /* CoreGraphics.framework */,
				BE50799F1698EE6900D561FB /* SenTestingKit.framework */,
			);
			name = Frameworks;
			sourceTree = "<group>";
		};
		BE50798D1698EE6900D561FB /* STToolbelt */ = {
			isa = PBXGroup;
			children = (
				BE5079B61698EF4B00D561FB /* MultiDictionary.h */,
				BE5079B71698EF4B00D561FB /* MultiDictionary.m */,
				BE5079B81698EF4B00D561FB /* NSData+Base64.h */,
				BE5079B91698EF4B00D561FB /* NSData+Base64.m */,
				BEEE704416992F5C009767AD /* Preconditions.h */,
				BEEE704516992F5C009767AD /* Preconditions.m */,
				BEEE703B16992D98009767AD /* VarintCoder.h */,
				BEEE703C16992D98009767AD /* VarintCoder.m */,
				BE5079BA1698EF4B00D561FB /* XMLBuilder.h */,
				BE5079BB1698EF4B00D561FB /* XMLBuilder.m */,
				BE50798E1698EE6900D561FB /* Supporting Files */,
			);
			path = STToolbelt;
			sourceTree = "<group>";
		};
		BE50798E1698EE6900D561FB /* Supporting Files */ = {
			isa = PBXGroup;
			children = (
				BE50798F1698EE6900D561FB /* STToolbelt-Info.plist */,
				BE5079901698EE6900D561FB /* InfoPlist.strings */,
				BE5079931698EE6900D561FB /* main.m */,
				BE5079951698EE6900D561FB /* STToolbelt-Prefix.pch */,
			);
			name = "Supporting Files";
			sourceTree = "<group>";
		};
		BE5079A51698EE6900D561FB /* STToolbeltTests */ = {
			isa = PBXGroup;
			children = (
				BE5079BF1698EFAE00D561FB /* MultiDictionaryTest.h */,
				BE5079C01698EFAE00D561FB /* MultiDictionaryTest.m */,
				BEEE70481699340A009767AD /* VarintCoderTest.h */,
				BEEE70491699340A009767AD /* VarintCoderTest.m */,
				BE175730169A297D0053E267 /* XMLBuilderTest.h */,
				BE175731169A297D0053E267 /* XMLBuilderTest.m */,
				BE5079A61698EE6900D561FB /* Supporting Files */,
			);
			path = STToolbeltTests;
			sourceTree = "<group>";
		};
		BE5079A61698EE6900D561FB /* Supporting Files */ = {
			isa = PBXGroup;
			children = (
				BE5079A71698EE6900D561FB /* STToolbeltTests-Info.plist */,
				BE5079A81698EE6900D561FB /* InfoPlist.strings */,
			);
			name = "Supporting Files";
			sourceTree = "<group>";
		};
/* End PBXGroup section */

/* Begin PBXNativeTarget section */
		BE5079821698EE6900D561FB /* STToolbelt */ = {
			isa = PBXNativeTarget;
			buildConfigurationList = BE5079B01698EE6900D561FB /* Build configuration list for PBXNativeTarget "STToolbelt" */;
			buildPhases = (
				BE50797F1698EE6900D561FB /* Sources */,
				BE5079801698EE6900D561FB /* Frameworks */,
				BE5079811698EE6900D561FB /* Resources */,
			);
			buildRules = (
			);
			dependencies = (
			);
			name = STToolbelt;
			productName = STToolbelt;
			productReference = BE5079831698EE6900D561FB /* STToolbelt.app */;
			productType = "com.apple.product-type.application";
		};
		BE50799D1698EE6900D561FB /* STToolbeltTests */ = {
			isa = PBXNativeTarget;
			buildConfigurationList = BE5079B31698EE6900D561FB /* Build configuration list for PBXNativeTarget "STToolbeltTests" */;
			buildPhases = (
				BE5079991698EE6900D561FB /* Sources */,
				BE50799A1698EE6900D561FB /* Frameworks */,
				BE50799B1698EE6900D561FB /* Resources */,
				BE50799C1698EE6900D561FB /* ShellScript */,
			);
			buildRules = (
			);
			dependencies = (
				BE5079A41698EE6900D561FB /* PBXTargetDependency */,
			);
			name = STToolbeltTests;
			productName = STToolbeltTests;
			productReference = BE50799E1698EE6900D561FB /* STToolbeltTests.octest */;
			productType = "com.apple.product-type.bundle";
		};
/* End PBXNativeTarget section */

/* Begin PBXProject section */
		BE50797A1698EE6900D561FB /* Project object */ = {
			isa = PBXProject;
			attributes = {
				LastUpgradeCheck = 0420;
			};
			buildConfigurationList = BE50797D1698EE6900D561FB /* Build configuration list for PBXProject "STToolbelt" */;
			compatibilityVersion = "Xcode 3.2";
			developmentRegion = English;
			hasScannedForEncodings = 0;
			knownRegions = (
				en,
			);
			mainGroup = BE5079781698EE6900D561FB;
			productRefGroup = BE5079841698EE6900D561FB /* Products */;
			projectDirPath = "";
			projectRoot = "";
			targets = (
				BE5079821698EE6900D561FB /* STToolbelt */,
				BE50799D1698EE6900D561FB /* STToolbeltTests */,
			);
		};
/* End PBXProject section */

/* Begin PBXResourcesBuildPhase section */
		BE5079811698EE6900D561FB /* Resources */ = {
			isa = PBXResourcesBuildPhase;
			buildActionMask = 2147483647;
			files = (
				BE5079921698EE6900D561FB /* InfoPlist.strings in Resources */,
			);
			runOnlyForDeploymentPostprocessing = 0;
		};
		BE50799B1698EE6900D561FB /* Resources */ = {
			isa = PBXResourcesBuildPhase;
			buildActionMask = 2147483647;
			files = (
				BE5079AA1698EE6900D561FB /* InfoPlist.strings in Resources */,
			);
			runOnlyForDeploymentPostprocessing = 0;
		};
/* End PBXResourcesBuildPhase section */

/* Begin PBXShellScriptBuildPhase section */
		BE50799C1698EE6900D561FB /* ShellScript */ = {
			isa = PBXShellScriptBuildPhase;
			buildActionMask = 2147483647;
			files = (
			);
			inputPaths = (
			);
			outputPaths = (
			);
			runOnlyForDeploymentPostprocessing = 0;
			shellPath = /bin/sh;
			shellScript = "# Run the unit tests in this test bundle.\n\"${SYSTEM_DEVELOPER_DIR}/Tools/RunUnitTests\"\n";
		};
/* End PBXShellScriptBuildPhase section */

/* Begin PBXSourcesBuildPhase section */
		BE50797F1698EE6900D561FB /* Sources */ = {
			isa = PBXSourcesBuildPhase;
			buildActionMask = 2147483647;
			files = (
				BE5079941698EE6900D561FB /* main.m in Sources */,
				BE5079BC1698EF4B00D561FB /* MultiDictionary.m in Sources */,
				BE5079BD1698EF4B00D561FB /* NSData+Base64.m in Sources */,
				BE5079BE1698EF4B00D561FB /* XMLBuilder.m in Sources */,
				BEEE703D16992D98009767AD /* VarintCoder.m in Sources */,
				BEEE704616992F5C009767AD /* Preconditions.m in Sources */,
			);
			runOnlyForDeploymentPostprocessing = 0;
		};
		BE5079991698EE6900D561FB /* Sources */ = {
			isa = PBXSourcesBuildPhase;
			buildActionMask = 2147483647;
			files = (
				BE5079C31698EFDD00D561FB /* MultiDictionary.m in Sources */,
				BE5079C51698EFDD00D561FB /* NSData+Base64.m in Sources */,
				BE5079C71698EFDD00D561FB /* XMLBuilder.m in Sources */,
				BE5079C91698EFDD00D561FB /* MultiDictionaryTest.m in Sources */,
				BEEE703E16992D98009767AD /* VarintCoder.m in Sources */,
				BEEE704716992F5C009767AD /* Preconditions.m in Sources */,
				BEEE704A1699340A009767AD /* VarintCoderTest.m in Sources */,
				BE175732169A297D0053E267 /* XMLBuilderTest.m in Sources */,
			);
			runOnlyForDeploymentPostprocessing = 0;
		};
/* End PBXSourcesBuildPhase section */

/* Begin PBXTargetDependency section */
		BE5079A41698EE6900D561FB /* PBXTargetDependency */ = {
			isa = PBXTargetDependency;
			target = BE5079821698EE6900D561FB /* STToolbelt */;
			targetProxy = BE5079A31698EE6900D561FB /* PBXContainerItemProxy */;
		};
/* End PBXTargetDependency section */

/* Begin PBXVariantGroup section */
		BE5079901698EE6900D561FB /* InfoPlist.strings */ = {
			isa = PBXVariantGroup;
			children = (
				BE5079911698EE6900D561FB /* en */,
			);
			name = InfoPlist.strings;
			sourceTree = "<group>";
		};
		BE5079A81698EE6900D561FB /* InfoPlist.strings */ = {
			isa = PBXVariantGroup;
			children = (
				BE5079A91698EE6900D561FB /* en */,
			);
			name = InfoPlist.strings;
			sourceTree = "<group>";
		};
/* End PBXVariantGroup section */

/* Begin XCBuildConfiguration section */
		BE5079AE1698EE6900D561FB /* Debug */ = {
			isa = XCBuildConfiguration;
			buildSettings = {
				ALWAYS_SEARCH_USER_PATHS = NO;
				ARCHS = "$(ARCHS_STANDARD_32_BIT)";
				CLANG_ENABLE_OBJC_ARC = YES;
				"CODE_SIGN_IDENTITY[sdk=iphoneos*]" = "iPhone Developer";
				COPY_PHASE_STRIP = NO;
				GCC_C_LANGUAGE_STANDARD = gnu99;
				GCC_DYNAMIC_NO_PIC = NO;
				GCC_OPTIMIZATION_LEVEL = 0;
				GCC_PREPROCESSOR_DEFINITIONS = (
					"DEBUG=1",
					"$(inherited)",
				);
				GCC_SYMBOLS_PRIVATE_EXTERN = NO;
				GCC_VERSION = com.apple.compilers.llvm.clang.1_0;
				GCC_WARN_ABOUT_MISSING_PROTOTYPES = YES;
				GCC_WARN_ABOUT_RETURN_TYPE = YES;
				GCC_WARN_UNUSED_VARIABLE = YES;
				IPHONEOS_DEPLOYMENT_TARGET = 5.0;
				SDKROOT = iphoneos;
			};
			name = Debug;
		};
		BE5079AF1698EE6900D561FB /* Release */ = {
			isa = XCBuildConfiguration;
			buildSettings = {
				ALWAYS_SEARCH_USER_PATHS = NO;
				ARCHS = "$(ARCHS_STANDARD_32_BIT)";
				CLANG_ENABLE_OBJC_ARC = YES;
				"CODE_SIGN_IDENTITY[sdk=iphoneos*]" = "iPhone Developer";
				COPY_PHASE_STRIP = YES;
				GCC_C_LANGUAGE_STANDARD = gnu99;
				GCC_VERSION = com.apple.compilers.llvm.clang.1_0;
				GCC_WARN_ABOUT_MISSING_PROTOTYPES = YES;
				GCC_WARN_ABOUT_RETURN_TYPE = YES;
				GCC_WARN_UNUSED_VARIABLE = YES;
				IPHONEOS_DEPLOYMENT_TARGET = 5.0;
				OTHER_CFLAGS = "-DNS_BLOCK_ASSERTIONS=1";
				SDKROOT = iphoneos;
				VALIDATE_PRODUCT = YES;
			};
			name = Release;
		};
		BE5079B11698EE6900D561FB /* Debug */ = {
			isa = XCBuildConfiguration;
			buildSettings = {
				GCC_PRECOMPILE_PREFIX_HEADER = YES;
				GCC_PREFIX_HEADER = "STToolbelt/STToolbelt-Prefix.pch";
				INFOPLIST_FILE = "STToolbelt/STToolbelt-Info.plist";
				PRODUCT_NAME = "$(TARGET_NAME)";
				TEST_AFTER_BUILD = YES;
				WRAPPER_EXTENSION = app;
			};
			name = Debug;
		};
		BE5079B21698EE6900D561FB /* Release */ = {
			isa = XCBuildConfiguration;
			buildSettings = {
				GCC_PRECOMPILE_PREFIX_HEADER = YES;
				GCC_PREFIX_HEADER = "STToolbelt/STToolbelt-Prefix.pch";
				INFOPLIST_FILE = "STToolbelt/STToolbelt-Info.plist";
				PRODUCT_NAME = "$(TARGET_NAME)";
				TEST_AFTER_BUILD = YES;
				WRAPPER_EXTENSION = app;
			};
			name = Release;
		};
		BE5079B41698EE6900D561FB /* Debug */ = {
			isa = XCBuildConfiguration;
			buildSettings = {
				BUNDLE_LOADER = "$(BUILT_PRODUCTS_DIR)/STToolbelt.app/STToolbelt";
				FRAMEWORK_SEARCH_PATHS = (
					"$(SDKROOT)/Developer/Library/Frameworks",
					"$(DEVELOPER_LIBRARY_DIR)/Frameworks",
				);
				GCC_PRECOMPILE_PREFIX_HEADER = YES;
				GCC_PREFIX_HEADER = "STToolbelt/STToolbelt-Prefix.pch";
				INFOPLIST_FILE = "STToolbeltTests/STToolbeltTests-Info.plist";
				PRODUCT_NAME = "$(TARGET_NAME)";
				TEST_AFTER_BUILD = YES;
				WRAPPER_EXTENSION = octest;
			};
			name = Debug;
		};
		BE5079B51698EE6900D561FB /* Release */ = {
			isa = XCBuildConfiguration;
			buildSettings = {
				BUNDLE_LOADER = "$(BUILT_PRODUCTS_DIR)/STToolbelt.app/STToolbelt";
				FRAMEWORK_SEARCH_PATHS = (
					"$(SDKROOT)/Developer/Library/Frameworks",
					"$(DEVELOPER_LIBRARY_DIR)/Frameworks",
				);
				GCC_PRECOMPILE_PREFIX_HEADER = YES;
				GCC_PREFIX_HEADER = "STToolbelt/STToolbelt-Prefix.pch";
				INFOPLIST_FILE = "STToolbeltTests/STToolbeltTests-Info.plist";
				PRODUCT_NAME = "$(TARGET_NAME)";
				TEST_AFTER_BUILD = YES;
				WRAPPER_EXTENSION = octest;
			};
			name = Release;
		};
/* End XCBuildConfiguration section */

/* Begin XCConfigurationList section */
		BE50797D1698EE6900D561FB /* Build configuration list for PBXProject "STToolbelt" */ = {
			isa = XCConfigurationList;
			buildConfigurations = (
				BE5079AE1698EE6900D561FB /* Debug */,
				BE5079AF1698EE6900D561FB /* Release */,
			);
			defaultConfigurationIsVisible = 0;
			defaultConfigurationName = Release;
		};
		BE5079B01698EE6900D561FB /* Build configuration list for PBXNativeTarget "STToolbelt" */ = {
			isa = XCConfigurationList;
			buildConfigurations = (
				BE5079B11698EE6900D561FB /* Debug */,
				BE5079B21698EE6900D561FB /* Release */,
			);
			defaultConfigurationIsVisible = 0;
			defaultConfigurationName = Release;
		};
		BE5079B31698EE6900D561FB /* Build configuration list for PBXNativeTarget "STToolbeltTests" */ = {
			isa = XCConfigurationList;
			buildConfigurations = (
				BE5079B41698EE6900D561FB /* Debug */,
				BE5079B51698EE6900D561FB /* Release */,
			);
			defaultConfigurationIsVisible = 0;
			defaultConfigurationName = Release;
		};
/* End XCConfigurationList section */
	};
	rootObject = BE50797A1698EE6900D561FB /* Project object */;
}
